
Microsoft Visual Studio Solution File, Format Version 12.00
# Visual Studio Version 17
VisualStudioVersion = 17.0.32126.317
MinimumVisualStudioVersion = 10.0.40219.1
Project("{FAE04EC0-301F-11D3-BF4B-00C04F79EFBC}") = "Tickets", "Tickets\Tickets.csproj", "{5BE69518-14EF-4053-96A0-E26567FC18B3}"
EndProject
Global
	GlobalSection(SolutionConfigurationPlatforms) = preSolution
		Debug|Any CPU = Debug|Any CPU
		Release|Any CPU = Release|Any CPU
	EndGlobalSection
	GlobalSection(ProjectConfigurationPlatforms) = postSolution
		{5BE69518-14EF-4053-96A0-E26567FC18B3}.Debug|Any CPU.ActiveCfg = Debug|Any CPU
		{5BE69518-14EF-4053-96A0-E26567FC18B3}.Debug|Any CPU.Build.0 = Debug|Any CPU
		{5BE69518-14EF-4053-96A0-E26567FC18B3}.Release|Any CPU.ActiveCfg = Release|Any CPU
		{5BE69518-14EF-4053-96A0-E26567FC18B3}.Release|Any CPU.Build.0 = Release|Any CPU
	EndGlobalSection
	GlobalSection(SolutionProperties) = preSolution
		HideSolutionNode = FALSE
	EndGlobalSection
	GlobalSection(ExtensibilityGlobals) = postSolution
		SolutionGuid = {22F7BC33-59D9-4120-B364-776586895870}
	EndGlobalSection
EndGlobal
